# This file is autogenerated, do not edit; changes may be undone by the next 'dep ensure'.


[[projects]]
  branch = "master"
  digest = "1:ca1bfe03324601a4bd42482a331449c5f387ac014376b55515910ec3295ea15c"
  name = "github.com/bwmarrin/snowflake"
  packages = ["."]
  pruneopts = "UT"
  revision = "68117e6bbede4dd72d70c7a58d73348ead068509"

[[projects]]
  branch = "master"
  digest = "1:96e768c322d5651cd716415c2b1daf87bf8ad8e5e4f316d80f0380bf1fd4fa24"
  name = "github.com/godaner/go-util"
  packages = ["."]
  pruneopts = "UT"
  revision = "4e0f0eca97c317869c599ba597614ea7928ff233"

[[projects]]
  digest = "1:40e195917a951a8bf867cd05de2a46aaf1806c50cf92eebf4c16f78cd196f747"
  name = "github.com/pkg/errors"
  packages = ["."]
  pruneopts = "UT"
  revision = "645ef00459ed84a119197bfb8d8205042c6df63d"
  version = "v0.8.0"

[[projects]]
  digest = "1:dd229dfa72840bebf79fc8d77eff5cf05ed40c70a6ce327e99129298bc1f70e7"
  name = "gopkg.in/gookit/color.v1"
  packages = ["."]
  pruneopts = "UT"
  revision = "801a2ac94f93d18cfcc55a8893f4a488ef397ea5"
  version = "v1.1.3"

[solve-meta]
  analyzer-name = "dep"
  analyzer-version = 1
  input-imports = [
    "github.com/godaner/go-util",
    "github.com/pkg/errors",
    "gopkg.in/gookit/color.v1",
  ]
  solver-name = "gps-cdcl"
  solver-version = 1
